<?xml version="1.0" encoding="utf-8"?>
<Project ToolsVersion="4.0" xmlns="http://schemas.microsoft.com/developer/msbuild/2003">
  <ItemGroup>
    <ClInclude Include="src\stdafx.h" />
    <ClInclude Include="Includes\PhysicsDefines.h" />
    <ClInclude Include="Includes\RigidBody.hxx" />
    <ClInclude Include="src\RigidBody.h" />
    <ClInclude Include="Includes\Physics.hxx" />
    <ClInclude Include="src\Physics.h" />
    <ClInclude Include="src\Shape.hxx">
      <Filter>Collison</Filter>
    </ClInclude>
    <ClInclude Include="src\RectangleShape.h">
      <Filter>Collison</Filter>
    </ClInclude>
    <ClInclude Include="src\Shape.h">
      <Filter>Collison</Filter>
    </ClInclude>
    <ClInclude Include="src\CollisionInfo.h">
      <Filter>Collison</Filter>
    </ClInclude>
    <ClInclude Include="src\QTNode.h">
      <Filter>Collison</Filter>
    </ClInclude>
    <ClInclude Include="src\QuadTree.h">
      <Filter>Collison</Filter>
    </ClInclude>
  </ItemGroup>
  <ItemGroup>
    <ClCompile Include="src\stdafx.cpp" />
    <ClCompile Include="src\RigidBody.cpp" />
    <ClCompile Include="src\Physics.cpp" />
    <ClCompile Include="src\RectangleShape.cpp">
      <Filter>Collison</Filter>
    </ClCompile>
    <ClCompile Include="src\Shape.cpp">
      <Filter>Collison</Filter>
    </ClCompile>
    <ClCompile Include="src\CollisionInfo.cpp">
      <Filter>Collison</Filter>
    </ClCompile>
    <ClCompile Include="src\QTNode.cpp">
      <Filter>Collison</Filter>
    </ClCompile>
    <ClCompile Include="src\QuadTree.cpp">
      <Filter>Collison</Filter>
    </ClCompile>
  </ItemGroup>
  <ItemGroup>
    <Filter Include="Collison">
      <UniqueIdentifier>{75a5ce21-7426-41d4-a4f6-7558a19c7a1f}</UniqueIdentifier>
    </Filter>
  </ItemGroup>
</Project>