<?xml version="1.0" encoding="utf-8"?>
<Project ToolsVersion="4.0" xmlns="http://schemas.microsoft.com/developer/msbuild/2003">
  <ItemGroup>
    <ClInclude Include="src\stdafx.h" />
    <ClInclude Include="Includes\PhysicsDefines.h" />
    <ClInclude Include="Includes\RigidBody.hxx" />
    <ClInclude Include="src\RigidBody.h" />
  </ItemGroup>
  <ItemGroup>
    <ClCompile Include="src\stdafx.cpp" />
    <ClCompile Include="src\RigidBody.cpp" />
  </ItemGroup>
</Project>