<?xml version="1.0" encoding="utf-8"?>
<Project ToolsVersion="4.0" xmlns="http://schemas.microsoft.com/developer/msbuild/2003">
  <ItemGroup>
    <ClCompile Include="src\GameElement.cpp" />
    <ClCompile Include="src\GameOptions.cpp" />
    <ClCompile Include="src\MessageDispatchManager.cpp" />
    <ClCompile Include="src\BaseApp.cpp" />
    <ClCompile Include="src\HumanView.cpp" />
    <ClCompile Include="src\MainWindow.cpp" />
    <ClCompile Include="src\stdafx.cpp" />
    <ClCompile Include="src\EntityManager.cpp">
      <Filter>Entity</Filter>
    </ClCompile>
    <ClCompile Include="src\HighScoreTable.cpp">
      <Filter>Scores</Filter>
    </ClCompile>
    <ClCompile Include="src\Score.cpp">
      <Filter>Scores</Filter>
    </ClCompile>
    <ClCompile Include="src\GameControls.cpp" />
    <ClCompile Include="src\BaseComponent.cpp">
      <Filter>Components</Filter>
    </ClCompile>
    <ClCompile Include="src\RenderSystem.cpp">
      <Filter>Systems</Filter>
    </ClCompile>
    <ClCompile Include="src\ModelComponent.cpp">
      <Filter>Components</Filter>
    </ClCompile>
    <ClCompile Include="src\BaseEntity.cpp">
      <Filter>Entity</Filter>
    </ClCompile>
    <ClCompile Include="src\TransformComponent.cpp">
      <Filter>Components</Filter>
    </ClCompile>
  </ItemGroup>
  <ItemGroup>
    <ClInclude Include="Includes\GameElement.h" />
    <ClInclude Include="Includes\GameOptions.h" />
    <ClInclude Include="Includes\HumanView.h" />
    <ClInclude Include="src\MessageDispatchManager.h" />
    <ClInclude Include="Includes\MessageDispatchManager.hxx" />
    <ClInclude Include="Includes\BaseApp.h" />
    <ClInclude Include="Includes\BaseApp.hxx" />
    <ClInclude Include="Includes\GameBaseDefines.h" />
    <ClInclude Include="src\GameLogic.h" />
    <ClInclude Include="Includes\GameView.hxx" />
    <ClInclude Include="src\MainWindow.h" />
    <ClInclude Include="Includes\MainWindow.hxx" />
    <ClInclude Include="src\stdafx.h" />
    <ClInclude Include="Includes\EntityManager.hxx">
      <Filter>Entity</Filter>
    </ClInclude>
    <ClInclude Include="Includes\BaseEntity.h">
      <Filter>Entity</Filter>
    </ClInclude>
    <ClInclude Include="Includes\BaseEntity.hxx">
      <Filter>Entity</Filter>
    </ClInclude>
    <ClInclude Include="src\EntityManager.h">
      <Filter>Entity</Filter>
    </ClInclude>
    <ClInclude Include="Includes\HighScoreTable.h">
      <Filter>Scores</Filter>
    </ClInclude>
    <ClInclude Include="Includes\Score.h">
      <Filter>Scores</Filter>
    </ClInclude>
    <ClInclude Include="Includes\GameControls.h" />
    <ClInclude Include="Includes\ModelComponent.h">
      <Filter>Components</Filter>
    </ClInclude>
    <ClInclude Include="Includes\BaseComponent.h">
      <Filter>Components</Filter>
    </ClInclude>
    <ClInclude Include="Includes\BaseComponent.hxx">
      <Filter>Components</Filter>
    </ClInclude>
    <ClInclude Include="Includes\TransformComponent.h">
      <Filter>Components</Filter>
    </ClInclude>
    <ClInclude Include="Includes\RenderSystem.h">
      <Filter>Systems</Filter>
    </ClInclude>
  </ItemGroup>
  <ItemGroup>
    <Filter Include="Entity">
      <UniqueIdentifier>{8bc18cbe-c11b-4309-aeba-e74f98b0d68a}</UniqueIdentifier>
    </Filter>
    <Filter Include="Scores">
      <UniqueIdentifier>{a86f3ee1-e8b8-490f-b018-a22a669608d6}</UniqueIdentifier>
    </Filter>
    <Filter Include="Components">
      <UniqueIdentifier>{9566cdef-a68c-479c-b19b-163400644686}</UniqueIdentifier>
    </Filter>
    <Filter Include="Systems">
      <UniqueIdentifier>{61e73550-f0d4-41d2-b494-a01308c8e633}</UniqueIdentifier>
    </Filter>
  </ItemGroup>
</Project>